# This file was autogenerated by Stack.
# You should not edit this file by hand.
# For more information, please see the documentation at:
#   https://docs.haskellstack.org/en/stable/lock_files

packages:
- completed:
    hackage: scalpel-0.6.2@sha256:5f9b4971c6b889048146260ef5c9e8b433785d3a3afe82115466f399b1b169de,1463
    pantry-tree:
      size: 405
      sha256: 6d795b21d88ec3a23690a4d5cb24eb5e5775049a6d19bd1f4540738993bcdc24
  original:
    hackage: scalpel-0.6.2
snapshots:
- completed:
    size: 532413
    url: https://raw.githubusercontent.com/commercialhaskell/stackage-snapshots/master/lts/16/21.yaml
    sha256: 7b5cac89352fa4a88606dc6cb250aee9291f21e2e988d464065f5aa51f5de33d
  original:
    url: https://raw.githubusercontent.com/commercialhaskell/stackage-snapshots/master/lts/16/21.yaml
